{
  "version": 4,
  "terraform_version": "1.5.7",
  "serial": 13,
  "lineage": "babfcf6a-a494-2851-5490-d4e214906256",
  "outputs": {},
  "resources": [
    {
      "mode": "managed",
      "type": "azurerm_linux_virtual_machine",
      "name": "dev-demo-linux-vm",
      "provider": "provider[\"registry.terraform.io/hashicorp/azurerm\"]",
      "instances": [
        {
          "schema_version": 0,
          "attributes": {
            "additional_capabilities": [],
            "admin_password": null,
            "admin_ssh_key": [
              {
                "public_key": "ssh-rsa AAAAB3NzaC1yc2EAAAADAQABAAACAQDBurjCn/56b1ofkKT50Jl0tCMcwIvThOq71Ls5koM1DWCPFm77aZk8iiZdjqrVdNWMSZLZioU86dR0rTkNoLVKIBN7gYIkpoKJc6k4feOIdxD9UDVdyoqvnhebMj/JVVZMWa34it8QzhTa5kG80Q+1Hu++U05QxEWP2Y8AvNkIIvtleIv+SO2kXt5UEQNajtJRnhHVK5sjeXHpwOgXtgPzjXCxCIasYhD+TTJ2VbtGwuhIQh5ruAQs1ck+hBwuMdKqXIeUOmWgXLDk34/LSuGA4UH+S0UEtA/WDrzQTJATVwTZXgkRM/ZN25v1dVrxWkciVsMQxclyKW7dBk8jf9g08jVuEPNtb/ohupRUenrKHuaM5HR9skg57HXYksyx37BxAYJb9iKk9yrd43yX8t8KJ5WOD416zpRnnc6yKmPocq7Crbb5r9DMDoOp0vm9ekTwCmoeYxTMnoz6jnfM83L1/17OMpRZVObkAzBnKQaU+4qjKpivM+HTo8x9vCh2UvXKa4QUIdIX1ob/iYvU6BIBC9m9i5d6Rw3CVoceaT52OJFMVmUUyJMeN+GU3Jw2OBje0K8GovAruachWnStF4F+3eMTDlnfDuxhEf0+inNscwr5ZI2Q+QePQPoBblCEwQuLK0gb+LnfcqDeBrxdNfr60PfLbD3WQWCNvrENQFwiPQ== haseenarabbani@haseenarabbanis-MacBook-Air.local\n",
                "username": "adminuser"
              }
            ],
            "admin_username": "adminuser",
            "allow_extension_operations": true,
            "availability_set_id": "",
            "boot_diagnostics": [],
            "computer_name": "dev-demo-linux-vm",
            "custom_data": null,
            "dedicated_host_group_id": "",
            "dedicated_host_id": "",
            "disable_password_authentication": true,
            "edge_zone": "",
            "encryption_at_host_enabled": false,
            "eviction_policy": "",
            "extensions_time_budget": "PT1H30M",
            "id": "/subscriptions/aab300ef-5c07-4cc8-a9df-951c157bb99d/resourceGroups/dev-demo-resource-group/providers/Microsoft.Compute/virtualMachines/dev-demo-linux-vm",
            "identity": [],
            "license_type": "",
            "location": "eastus",
            "max_bid_price": -1,
            "name": "dev-demo-linux-vm",
            "network_interface_ids": [
              "/subscriptions/aab300ef-5c07-4cc8-a9df-951c157bb99d/resourceGroups/dev-demo-resource-group/providers/Microsoft.Network/networkInterfaces/dev-demo-nic"
            ],
            "os_disk": [
              {
                "caching": "ReadWrite",
                "diff_disk_settings": [],
                "disk_encryption_set_id": "",
                "disk_size_gb": 30,
                "name": "dev-demo-linux-vm_disk1_00edf0db1b324858a91a604094da4da2",
                "storage_account_type": "Standard_LRS",
                "write_accelerator_enabled": false
              }
            ],
            "patch_mode": "ImageDefault",
            "plan": [],
            "platform_fault_domain": -1,
            "priority": "Regular",
            "private_ip_address": "10.0.1.4",
            "private_ip_addresses": [
              "10.0.1.4"
            ],
            "provision_vm_agent": true,
            "proximity_placement_group_id": "",
            "public_ip_address": "52.170.236.64",
            "public_ip_addresses": [
              "52.170.236.64"
            ],
            "resource_group_name": "dev-demo-resource-group",
            "secret": [],
            "secure_boot_enabled": false,
            "size": "Standard_B1s",
            "source_image_id": "",
            "source_image_reference": [
              {
                "offer": "UbuntuServer",
                "publisher": "Canonical",
                "sku": "18.04-LTS",
                "version": "latest"
              }
            ],
            "tags": null,
            "termination_notification": null,
            "timeouts": null,
            "user_data": "",
            "virtual_machine_id": "b7f87ac3-f6e7-4f4c-9fed-a35507aabd75",
            "virtual_machine_scale_set_id": "",
            "vtpm_enabled": false,
            "zone": ""
          },
          "sensitive_attributes": [],
          "private": "eyJlMmJmYjczMC1lY2FhLTExZTYtOGY4OC0zNDM2M2JjN2M0YzAiOnsiY3JlYXRlIjoyNzAwMDAwMDAwMDAwLCJkZWxldGUiOjI3MDAwMDAwMDAwMDAsInJlYWQiOjMwMDAwMDAwMDAwMCwidXBkYXRlIjoyNzAwMDAwMDAwMDAwfX0=",
          "dependencies": [
            "azurerm_network_interface.dev-demo-nic",
            "azurerm_network_security_group.dev-demo-nsg",
            "azurerm_public_ip.dev-demo-public-ip",
            "azurerm_resource_group.dev-demo-resource-group",
            "azurerm_subnet.dev-demo-subnet",
            "azurerm_virtual_network.dev-demo-vnet"
          ]
        }
      ]
    },
    {
      "mode": "managed",
      "type": "azurerm_network_interface",
      "name": "dev-demo-nic",
      "provider": "provider[\"registry.terraform.io/hashicorp/azurerm\"]",
      "instances": [
        {
          "schema_version": 0,
          "attributes": {
            "applied_dns_servers": [],
            "dns_servers": [],
            "edge_zone": "",
            "enable_accelerated_networking": false,
            "enable_ip_forwarding": false,
            "id": "/subscriptions/aab300ef-5c07-4cc8-a9df-951c157bb99d/resourceGroups/dev-demo-resource-group/providers/Microsoft.Network/networkInterfaces/dev-demo-nic",
            "internal_dns_name_label": "",
            "internal_domain_name_suffix": "h3mjftjhgpiuhe2opzxadndeqd.bx.internal.cloudapp.net",
            "ip_configuration": [
              {
                "gateway_load_balancer_frontend_ip_configuration_id": "",
                "name": "internal",
                "primary": true,
                "private_ip_address": "10.0.1.4",
                "private_ip_address_allocation": "Dynamic",
                "private_ip_address_version": "IPv4",
                "public_ip_address_id": "/subscriptions/aab300ef-5c07-4cc8-a9df-951c157bb99d/resourceGroups/dev-demo-resource-group/providers/Microsoft.Network/publicIPAddresses/dev-demo-public-ip",
                "subnet_id": "/subscriptions/aab300ef-5c07-4cc8-a9df-951c157bb99d/resourceGroups/dev-demo-resource-group/providers/Microsoft.Network/virtualNetworks/dev-demo-vnet/subnets/dev-demo-subnet"
              }
            ],
            "location": "eastus",
            "mac_address": "",
            "name": "dev-demo-nic",
            "private_ip_address": "10.0.1.4",
            "private_ip_addresses": [
              "10.0.1.4"
            ],
            "resource_group_name": "dev-demo-resource-group",
            "tags": null,
            "timeouts": null,
            "virtual_machine_id": ""
          },
          "sensitive_attributes": [],
          "private": "eyJlMmJmYjczMC1lY2FhLTExZTYtOGY4OC0zNDM2M2JjN2M0YzAiOnsiY3JlYXRlIjoxODAwMDAwMDAwMDAwLCJkZWxldGUiOjE4MDAwMDAwMDAwMDAsInJlYWQiOjMwMDAwMDAwMDAwMCwidXBkYXRlIjoxODAwMDAwMDAwMDAwfX0=",
          "dependencies": [
            "azurerm_network_security_group.dev-demo-nsg",
            "azurerm_public_ip.dev-demo-public-ip",
            "azurerm_resource_group.dev-demo-resource-group",
            "azurerm_subnet.dev-demo-subnet",
            "azurerm_virtual_network.dev-demo-vnet"
          ]
        }
      ]
    },
    {
      "mode": "managed",
      "type": "azurerm_network_interface_security_group_association",
      "name": "dev-demo-nsg-association",
      "provider": "provider[\"registry.terraform.io/hashicorp/azurerm\"]",
      "instances": [
        {
          "schema_version": 0,
          "attributes": {
            "id": "/subscriptions/aab300ef-5c07-4cc8-a9df-951c157bb99d/resourceGroups/dev-demo-resource-group/providers/Microsoft.Network/networkInterfaces/dev-demo-nic|/subscriptions/aab300ef-5c07-4cc8-a9df-951c157bb99d/resourceGroups/dev-demo-resource-group/providers/Microsoft.Network/networkSecurityGroups/dev-demo-nsg",
            "network_interface_id": "/subscriptions/aab300ef-5c07-4cc8-a9df-951c157bb99d/resourceGroups/dev-demo-resource-group/providers/Microsoft.Network/networkInterfaces/dev-demo-nic",
            "network_security_group_id": "/subscriptions/aab300ef-5c07-4cc8-a9df-951c157bb99d/resourceGroups/dev-demo-resource-group/providers/Microsoft.Network/networkSecurityGroups/dev-demo-nsg",
            "timeouts": null
          },
          "sensitive_attributes": [],
          "private": "eyJlMmJmYjczMC1lY2FhLTExZTYtOGY4OC0zNDM2M2JjN2M0YzAiOnsiY3JlYXRlIjoxODAwMDAwMDAwMDAwLCJkZWxldGUiOjE4MDAwMDAwMDAwMDAsInJlYWQiOjMwMDAwMDAwMDAwMCwidXBkYXRlIjoxODAwMDAwMDAwMDAwfX0=",
          "dependencies": [
            "azurerm_network_interface.dev-demo-nic",
            "azurerm_network_security_group.dev-demo-nsg",
            "azurerm_public_ip.dev-demo-public-ip",
            "azurerm_resource_group.dev-demo-resource-group",
            "azurerm_subnet.dev-demo-subnet",
            "azurerm_virtual_network.dev-demo-vnet"
          ]
        }
      ]
    },
    {
      "mode": "managed",
      "type": "azurerm_network_security_group",
      "name": "dev-demo-nsg",
      "provider": "provider[\"registry.terraform.io/hashicorp/azurerm\"]",
      "instances": [
        {
          "schema_version": 0,
          "attributes": {
            "id": "/subscriptions/aab300ef-5c07-4cc8-a9df-951c157bb99d/resourceGroups/dev-demo-resource-group/providers/Microsoft.Network/networkSecurityGroups/dev-demo-nsg",
            "location": "eastus",
            "name": "dev-demo-nsg",
            "resource_group_name": "dev-demo-resource-group",
            "security_rule": [
              {
                "access": "Allow",
                "description": "",
                "destination_address_prefix": "*",
                "destination_address_prefixes": [],
                "destination_application_security_group_ids": [],
                "destination_port_range": "22",
                "destination_port_ranges": [],
                "direction": "Inbound",
                "name": "AllowSSH",
                "priority": 1000,
                "protocol": "Tcp",
                "source_address_prefix": "*",
                "source_address_prefixes": [],
                "source_application_security_group_ids": [],
                "source_port_range": "*",
                "source_port_ranges": []
              }
            ],
            "tags": {
              "environment": "Terraform Demo"
            },
            "timeouts": null
          },
          "sensitive_attributes": [],
          "private": "eyJlMmJmYjczMC1lY2FhLTExZTYtOGY4OC0zNDM2M2JjN2M0YzAiOnsiY3JlYXRlIjoxODAwMDAwMDAwMDAwLCJkZWxldGUiOjE4MDAwMDAwMDAwMDAsInJlYWQiOjMwMDAwMDAwMDAwMCwidXBkYXRlIjoxODAwMDAwMDAwMDAwfX0=",
          "dependencies": [
            "azurerm_resource_group.dev-demo-resource-group"
          ]
        }
      ]
    },
    {
      "mode": "managed",
      "type": "azurerm_public_ip",
      "name": "dev-demo-public-ip",
      "provider": "provider[\"registry.terraform.io/hashicorp/azurerm\"]",
      "instances": [
        {
          "schema_version": 0,
          "attributes": {
            "allocation_method": "Static",
            "domain_name_label": null,
            "edge_zone": "",
            "fqdn": null,
            "id": "/subscriptions/aab300ef-5c07-4cc8-a9df-951c157bb99d/resourceGroups/dev-demo-resource-group/providers/Microsoft.Network/publicIPAddresses/dev-demo-public-ip",
            "idle_timeout_in_minutes": 4,
            "ip_address": "52.170.236.64",
            "ip_tags": null,
            "ip_version": "IPv4",
            "location": "eastus",
            "name": "dev-demo-public-ip",
            "public_ip_prefix_id": null,
            "resource_group_name": "dev-demo-resource-group",
            "reverse_fqdn": null,
            "sku": "Basic",
            "sku_tier": "Regional",
            "tags": null,
            "timeouts": null,
            "zones": null
          },
          "sensitive_attributes": [],
          "private": "eyJlMmJmYjczMC1lY2FhLTExZTYtOGY4OC0zNDM2M2JjN2M0YzAiOnsiY3JlYXRlIjoxODAwMDAwMDAwMDAwLCJkZWxldGUiOjE4MDAwMDAwMDAwMDAsInJlYWQiOjMwMDAwMDAwMDAwMCwidXBkYXRlIjoxODAwMDAwMDAwMDAwfX0=",
          "dependencies": [
            "azurerm_resource_group.dev-demo-resource-group"
          ]
        }
      ]
    },
    {
      "mode": "managed",
      "type": "azurerm_resource_group",
      "name": "dev-demo-resource-group",
      "provider": "provider[\"registry.terraform.io/hashicorp/azurerm\"]",
      "instances": [
        {
          "schema_version": 0,
          "attributes": {
            "id": "/subscriptions/aab300ef-5c07-4cc8-a9df-951c157bb99d/resourceGroups/dev-demo-resource-group",
            "location": "eastus",
            "name": "dev-demo-resource-group",
            "tags": null,
            "timeouts": null
          },
          "sensitive_attributes": [],
          "private": "eyJlMmJmYjczMC1lY2FhLTExZTYtOGY4OC0zNDM2M2JjN2M0YzAiOnsiY3JlYXRlIjo1NDAwMDAwMDAwMDAwLCJkZWxldGUiOjU0MDAwMDAwMDAwMDAsInJlYWQiOjMwMDAwMDAwMDAwMCwidXBkYXRlIjo1NDAwMDAwMDAwMDAwfX0="
        }
      ]
    },
    {
      "mode": "managed",
      "type": "azurerm_route_table",
      "name": "dev-demo-route-table",
      "provider": "provider[\"registry.terraform.io/hashicorp/azurerm\"]",
      "instances": [
        {
          "schema_version": 0,
          "attributes": {
            "disable_bgp_route_propagation": false,
            "id": "/subscriptions/aab300ef-5c07-4cc8-a9df-951c157bb99d/resourceGroups/dev-demo-resource-group/providers/Microsoft.Network/routeTables/dev-demo-route-table",
            "location": "eastus",
            "name": "dev-demo-route-table",
            "resource_group_name": "dev-demo-resource-group",
            "route": [
              {
                "address_prefix": "0.0.0.0/0",
                "name": "default",
                "next_hop_in_ip_address": "",
                "next_hop_type": "Internet"
              }
            ],
            "subnets": [],
            "tags": null,
            "timeouts": null
          },
          "sensitive_attributes": [],
          "private": "eyJlMmJmYjczMC1lY2FhLTExZTYtOGY4OC0zNDM2M2JjN2M0YzAiOnsiY3JlYXRlIjoxODAwMDAwMDAwMDAwLCJkZWxldGUiOjE4MDAwMDAwMDAwMDAsInJlYWQiOjMwMDAwMDAwMDAwMCwidXBkYXRlIjoxODAwMDAwMDAwMDAwfX0=",
          "dependencies": [
            "azurerm_resource_group.dev-demo-resource-group"
          ]
        }
      ]
    },
    {
      "mode": "managed",
      "type": "azurerm_subnet",
      "name": "dev-demo-private-ip",
      "provider": "provider[\"registry.terraform.io/hashicorp/azurerm\"]",
      "instances": [
        {
          "schema_version": 0,
          "attributes": {
            "address_prefixes": [
              "10.0.2.0/24"
            ],
            "delegation": [],
            "enforce_private_link_endpoint_network_policies": false,
            "enforce_private_link_service_network_policies": false,
            "id": "/subscriptions/aab300ef-5c07-4cc8-a9df-951c157bb99d/resourceGroups/dev-demo-resource-group/providers/Microsoft.Network/virtualNetworks/dev-demo-vnet/subnets/dev-demo-private-ip",
            "name": "dev-demo-private-ip",
            "resource_group_name": "dev-demo-resource-group",
            "service_endpoint_policy_ids": null,
            "service_endpoints": null,
            "timeouts": null,
            "virtual_network_name": "dev-demo-vnet"
          },
          "sensitive_attributes": [],
          "private": "eyJlMmJmYjczMC1lY2FhLTExZTYtOGY4OC0zNDM2M2JjN2M0YzAiOnsiY3JlYXRlIjoxODAwMDAwMDAwMDAwLCJkZWxldGUiOjE4MDAwMDAwMDAwMDAsInJlYWQiOjMwMDAwMDAwMDAwMCwidXBkYXRlIjoxODAwMDAwMDAwMDAwfX0=",
          "dependencies": [
            "azurerm_resource_group.dev-demo-resource-group",
            "azurerm_virtual_network.dev-demo-vnet"
          ]
        }
      ]
    },
    {
      "mode": "managed",
      "type": "azurerm_subnet",
      "name": "dev-demo-subnet",
      "provider": "provider[\"registry.terraform.io/hashicorp/azurerm\"]",
      "instances": [
        {
          "schema_version": 0,
          "attributes": {
            "address_prefixes": [
              "10.0.1.0/24"
            ],
            "delegation": [],
            "enforce_private_link_endpoint_network_policies": false,
            "enforce_private_link_service_network_policies": false,
            "id": "/subscriptions/aab300ef-5c07-4cc8-a9df-951c157bb99d/resourceGroups/dev-demo-resource-group/providers/Microsoft.Network/virtualNetworks/dev-demo-vnet/subnets/dev-demo-subnet",
            "name": "dev-demo-subnet",
            "resource_group_name": "dev-demo-resource-group",
            "service_endpoint_policy_ids": null,
            "service_endpoints": null,
            "timeouts": null,
            "virtual_network_name": "dev-demo-vnet"
          },
          "sensitive_attributes": [],
          "private": "eyJlMmJmYjczMC1lY2FhLTExZTYtOGY4OC0zNDM2M2JjN2M0YzAiOnsiY3JlYXRlIjoxODAwMDAwMDAwMDAwLCJkZWxldGUiOjE4MDAwMDAwMDAwMDAsInJlYWQiOjMwMDAwMDAwMDAwMCwidXBkYXRlIjoxODAwMDAwMDAwMDAwfX0=",
          "dependencies": [
            "azurerm_resource_group.dev-demo-resource-group",
            "azurerm_virtual_network.dev-demo-vnet"
          ]
        }
      ]
    },
    {
      "mode": "managed",
      "type": "azurerm_subnet_route_table_association",
      "name": "dev-demo-route-table-association",
      "provider": "provider[\"registry.terraform.io/hashicorp/azurerm\"]",
      "instances": [
        {
          "schema_version": 0,
          "attributes": {
            "id": "/subscriptions/aab300ef-5c07-4cc8-a9df-951c157bb99d/resourceGroups/dev-demo-resource-group/providers/Microsoft.Network/virtualNetworks/dev-demo-vnet/subnets/dev-demo-subnet",
            "route_table_id": "/subscriptions/aab300ef-5c07-4cc8-a9df-951c157bb99d/resourceGroups/dev-demo-resource-group/providers/Microsoft.Network/routeTables/dev-demo-route-table",
            "subnet_id": "/subscriptions/aab300ef-5c07-4cc8-a9df-951c157bb99d/resourceGroups/dev-demo-resource-group/providers/Microsoft.Network/virtualNetworks/dev-demo-vnet/subnets/dev-demo-subnet",
            "timeouts": null
          },
          "sensitive_attributes": [],
          "private": "eyJlMmJmYjczMC1lY2FhLTExZTYtOGY4OC0zNDM2M2JjN2M0YzAiOnsiY3JlYXRlIjoxODAwMDAwMDAwMDAwLCJkZWxldGUiOjE4MDAwMDAwMDAwMDAsInJlYWQiOjMwMDAwMDAwMDAwMCwidXBkYXRlIjoxODAwMDAwMDAwMDAwfX0=",
          "dependencies": [
            "azurerm_resource_group.dev-demo-resource-group",
            "azurerm_route_table.dev-demo-route-table",
            "azurerm_subnet.dev-demo-subnet",
            "azurerm_virtual_network.dev-demo-vnet"
          ]
        }
      ]
    },
    {
      "mode": "managed",
      "type": "azurerm_virtual_network",
      "name": "dev-demo-vnet",
      "provider": "provider[\"registry.terraform.io/hashicorp/azurerm\"]",
      "instances": [
        {
          "schema_version": 0,
          "attributes": {
            "address_space": [
              "10.0.0.0/16"
            ],
            "bgp_community": "",
            "ddos_protection_plan": [],
            "dns_servers": [],
            "edge_zone": "",
            "flow_timeout_in_minutes": 0,
            "guid": "cd92583f-3327-43d1-938e-7e6e01b46483",
            "id": "/subscriptions/aab300ef-5c07-4cc8-a9df-951c157bb99d/resourceGroups/dev-demo-resource-group/providers/Microsoft.Network/virtualNetworks/dev-demo-vnet",
            "location": "eastus",
            "name": "dev-demo-vnet",
            "resource_group_name": "dev-demo-resource-group",
            "subnet": [],
            "tags": null,
            "timeouts": null
          },
          "sensitive_attributes": [],
          "private": "eyJlMmJmYjczMC1lY2FhLTExZTYtOGY4OC0zNDM2M2JjN2M0YzAiOnsiY3JlYXRlIjoxODAwMDAwMDAwMDAwLCJkZWxldGUiOjE4MDAwMDAwMDAwMDAsInJlYWQiOjMwMDAwMDAwMDAwMCwidXBkYXRlIjoxODAwMDAwMDAwMDAwfX0=",
          "dependencies": [
            "azurerm_resource_group.dev-demo-resource-group"
          ]
        }
      ]
    }
  ],
  "check_results": null
}
